
Microsoft Visual Studio Solution File, Format Version 12.00
# Visual Studio Version 17
VisualStudioVersion = 17.6.33829.357
MinimumVisualStudioVersion = 10.0.40219.1
Project("{9A19103F-16F7-4668-BE54-9A1E7A4F7556}") = "01.Lesson", "01.Lesson\01.Lesson.csproj", "{61A71E87-814E-43D2-A270-5228CC9F3A0A}"
EndProject
Project("{FAE04EC0-301F-11D3-BF4B-00C04F79EFBC}") = "02.Lesson", "02.Lesson\02.Lesson.csproj", "{8DD382C9-AC52-4C0C-BBF2-0BD14ED42E21}"
EndProject
Project("{FAE04EC0-301F-11D3-BF4B-00C04F79EFBC}") = "03.Lesson", "03.Lesson\03.Lesson.csproj", "{37720511-41EC-42F0-8AB4-2951538B395D}"
EndProject
Project("{FAE04EC0-301F-11D3-BF4B-00C04F79EFBC}") = "04.Lesson", "04.Lesson\04.Lesson.csproj", "{D06E9D8B-D44E-47B3-8B0E-DD5C8BD9A77B}"
EndProject
Project("{FAE04EC0-301F-11D3-BF4B-00C04F79EFBC}") = "05.Lesson", "05.Lesson\05.Lesson.csproj", "{05BE8ED1-0ED2-463D-9BF2-6E02094345D6}"
EndProject
Global
	GlobalSection(SolutionConfigurationPlatforms) = preSolution
		Debug|Any CPU = Debug|Any CPU
		Release|Any CPU = Release|Any CPU
	EndGlobalSection
	GlobalSection(ProjectConfigurationPlatforms) = postSolution
		{61A71E87-814E-43D2-A270-5228CC9F3A0A}.Debug|Any CPU.ActiveCfg = Debug|Any CPU
		{61A71E87-814E-43D2-A270-5228CC9F3A0A}.Debug|Any CPU.Build.0 = Debug|Any CPU
		{61A71E87-814E-43D2-A270-5228CC9F3A0A}.Release|Any CPU.ActiveCfg = Release|Any CPU
		{61A71E87-814E-43D2-A270-5228CC9F3A0A}.Release|Any CPU.Build.0 = Release|Any CPU
		{8DD382C9-AC52-4C0C-BBF2-0BD14ED42E21}.Debug|Any CPU.ActiveCfg = Debug|Any CPU
		{8DD382C9-AC52-4C0C-BBF2-0BD14ED42E21}.Debug|Any CPU.Build.0 = Debug|Any CPU
		{8DD382C9-AC52-4C0C-BBF2-0BD14ED42E21}.Release|Any CPU.ActiveCfg = Release|Any CPU
		{8DD382C9-AC52-4C0C-BBF2-0BD14ED42E21}.Release|Any CPU.Build.0 = Release|Any CPU
		{37720511-41EC-42F0-8AB4-2951538B395D}.Debug|Any CPU.ActiveCfg = Debug|Any CPU
		{37720511-41EC-42F0-8AB4-2951538B395D}.Debug|Any CPU.Build.0 = Debug|Any CPU
		{37720511-41EC-42F0-8AB4-2951538B395D}.Release|Any CPU.ActiveCfg = Release|Any CPU
		{37720511-41EC-42F0-8AB4-2951538B395D}.Release|Any CPU.Build.0 = Release|Any CPU
		{D06E9D8B-D44E-47B3-8B0E-DD5C8BD9A77B}.Debug|Any CPU.ActiveCfg = Debug|Any CPU
		{D06E9D8B-D44E-47B3-8B0E-DD5C8BD9A77B}.Debug|Any CPU.Build.0 = Debug|Any CPU
		{D06E9D8B-D44E-47B3-8B0E-DD5C8BD9A77B}.Release|Any CPU.ActiveCfg = Release|Any CPU
		{D06E9D8B-D44E-47B3-8B0E-DD5C8BD9A77B}.Release|Any CPU.Build.0 = Release|Any CPU
		{05BE8ED1-0ED2-463D-9BF2-6E02094345D6}.Debug|Any CPU.ActiveCfg = Debug|Any CPU
		{05BE8ED1-0ED2-463D-9BF2-6E02094345D6}.Debug|Any CPU.Build.0 = Debug|Any CPU
		{05BE8ED1-0ED2-463D-9BF2-6E02094345D6}.Release|Any CPU.ActiveCfg = Release|Any CPU
		{05BE8ED1-0ED2-463D-9BF2-6E02094345D6}.Release|Any CPU.Build.0 = Release|Any CPU
	EndGlobalSection
	GlobalSection(SolutionProperties) = preSolution
		HideSolutionNode = FALSE
	EndGlobalSection
	GlobalSection(ExtensibilityGlobals) = postSolution
		SolutionGuid = {38DC1C94-C857-4E21-A865-B33FBC6485D3}
	EndGlobalSection
EndGlobal
